{
    "_readme": [
        "This file locks the dependencies of your project to a known state",
        "Read more about it at http://getcomposer.org/doc/01-basic-usage.md#composer-lock-the-lock-file"
    ],
    "hash": "de30892793335f27e17a402f487945c8",
    "packages": [
        {
            "name": "rych/phpass",
            "version": "3.x-dev",
            "source": {
                "type": "git",
                "url": "https://github.com/rchouinard/phpass.git",
                "reference": "6e36ccce55244c9b96892e767462581d01d7b979"
            },
            "dist": {
                "type": "zip",
                "url": "https://api.github.com/repos/rchouinard/phpass/zipball/6e36ccce55244c9b96892e767462581d01d7b979",
                "reference": "6e36ccce55244c9b96892e767462581d01d7b979",
                "shasum": ""
            },
            "require": {
                "ext-hash": "*",
                "php": ">=5.3.8"
            },
            "suggest": {
                "ext-mcrypt": "The Mcrypt extension is used as a source of cryptographically strong random data in the absence of ext-openssl.",
                "ext-openssl": "The OpenSSL extension is used as the default source of cryptographically strong random data."
            },
            "type": "library",
            "autoload": {
                "psr-0": {
                    "PHPassLib": "src/"
                }
            },
            "notification-url": "https://packagist.org/downloads/",
            "license": [
                "MIT"
            ],
            "authors": [
                {
                    "name": "Ryan Chouinard",
                    "email": "rchouinard@gmail.com",
                    "homepage": "http://ryanchouinard.com"
                }
            ],
            "description": "PHP Password Library: Easy, secure password management for PHP",
            "homepage": "https://github.com/rchouinard/phpass",
            "keywords": [
                "cryptography",
                "password",
                "security"
            ],
            "time": "2012-09-08 19:46:36"
        },
        {
            "name": "stefangabos/zebra_database",
            "version": "2.8.4",
            "source": {
                "type": "git",
                "url": "https://github.com/stefangabos/Zebra_Database.git",
                "reference": "499b6b57f0c45b6558b0deb31a3f0a16f35c5d24"
            },
            "dist": {
                "type": "zip",
                "url": "https://api.github.com/repos/stefangabos/Zebra_Database/zipball/499b6b57f0c45b6558b0deb31a3f0a16f35c5d24",
                "reference": "499b6b57f0c45b6558b0deb31a3f0a16f35c5d24",
                "shasum": ""
            },
            "require": {
                "php": ">=5.0.0"
            },
            "type": "library",
            "autoload": {
                "psr-0": {
                    "Zebra_Database": ""
                }
            },
            "notification-url": "https://packagist.org/downloads/",
            "license": [
                "LGPL-3.0"
            ],
            "authors": [
                {
                    "name": "Stefan Gabos",
                    "email": "contact@stefangabos.ro",
                    "homepage": "http://stefangabos.ro/",
                    "role": "Developer"
                }
            ],
            "description": "An advanced, compact and lightweight MySQL database wrapper library, built around PHP's MySQLi extension.",
            "homepage": "http://stefangabos.ro/php-libraries/zebra-database/",
            "keywords": [
                "database",
                "db",
                "mysql",
                "mysqli",
                "wrapper"
            ],
            "time": "2013-12-22 16:28:47"
        }
    ],
    "packages-dev": [

    ],
    "aliases": [

    ],
    "minimum-stability": "dev",
    "stability-flags": {
        "rych/phpass": 20
    },
    "platform": [

    ],
    "platform-dev": [

    ]
}
